// !$*UTF8*$!
{
	archiveVersion = 1;
	classes = {
	};
	objectVersion = 50;
	objects = {

/* Begin PBXBuildFile section */
		71A833A9262FA9A10060C4B4 /* AppDelegate.swift in Sources */ = {isa = PBXBuildFile; fileRef = 71A833A8262FA9A10060C4B4 /* AppDelegate.swift */; };
		71A833AB262FA9A10060C4B4 /* SceneDelegate.swift in Sources */ = {isa = PBXBuildFile; fileRef = 71A833AA262FA9A10060C4B4 /* SceneDelegate.swift */; };
		71A833AD262FA9A10060C4B4 /* ViewController.swift in Sources */ = {isa = PBXBuildFile; fileRef = 71A833AC262FA9A10060C4B4 /* ViewController.swift */; };
		71A833B0262FA9A10060C4B4 /* Main.storyboard in Resources */ = {isa = PBXBuildFile; fileRef = 71A833AE262FA9A10060C4B4 /* Main.storyboard */; };
		71A833B2262FA9A20060C4B4 /* Assets.xcassets in Resources */ = {isa = PBXBuildFile; fileRef = 71A833B1262FA9A20060C4B4 /* Assets.xcassets */; };
		71A833B5262FA9A20060C4B4 /* LaunchScreen.storyboard in Resources */ = {isa = PBXBuildFile; fileRef = 71A833B3262FA9A20060C4B4 /* LaunchScreen.storyboard */; };
		71A833C0262FA9A20060C4B4 /* UpdateLabelTests.swift in Sources */ = {isa = PBXBuildFile; fileRef = 71A833BF262FA9A20060C4B4 /* UpdateLabelTests.swift */; };
		71A833CB262FA9A20060C4B4 /* UpdateLabelUITests.swift in Sources */ = {isa = PBXBuildFile; fileRef = 71A833CA262FA9A20060C4B4 /* UpdateLabelUITests.swift */; };
/* End PBXBuildFile section */

/* Begin PBXContainerItemProxy section */
		71A833BC262FA9A20060C4B4 /* PBXContainerItemProxy */ = {
			isa = PBXContainerItemProxy;
			containerPortal = 71A8339D262FA9A10060C4B4 /* Project object */;
			proxyType = 1;
			remoteGlobalIDString = 71A833A4262FA9A10060C4B4;
			remoteInfo = UpdateLabel;
		};
		71A833C7262FA9A20060C4B4 /* PBXContainerItemProxy */ = {
			isa = PBXContainerItemProxy;
			containerPortal = 71A8339D262FA9A10060C4B4 /* Project object */;
			proxyType = 1;
			remoteGlobalIDString = 71A833A4262FA9A10060C4B4;
			remoteInfo = UpdateLabel;
		};
/* End PBXContainerItemProxy section */

/* Begin PBXFileReference section */
		71A833A5262FA9A10060C4B4 /* UpdateLabel.app */ = {isa = PBXFileReference; explicitFileType = wrapper.application; includeInIndex = 0; path = UpdateLabel.app; sourceTree = BUILT_PRODUCTS_DIR; };
		71A833A8262FA9A10060C4B4 /* AppDelegate.swift */ = {isa = PBXFileReference; lastKnownFileType = sourcecode.swift; path = AppDelegate.swift; sourceTree = "<group>"; };
		71A833AA262FA9A10060C4B4 /* SceneDelegate.swift */ = {isa = PBXFileReference; lastKnownFileType = sourcecode.swift; path = SceneDelegate.swift; sourceTree = "<group>"; };
		71A833AC262FA9A10060C4B4 /* ViewController.swift */ = {isa = PBXFileReference; lastKnownFileType = sourcecode.swift; path = ViewController.swift; sourceTree = "<group>"; };
		71A833AF262FA9A10060C4B4 /* Base */ = {isa = PBXFileReference; lastKnownFileType = file.storyboard; name = Base; path = Base.lproj/Main.storyboard; sourceTree = "<group>"; };
		71A833B1262FA9A20060C4B4 /* Assets.xcassets */ = {isa = PBXFileReference; lastKnownFileType = folder.assetcatalog; path = Assets.xcassets; sourceTree = "<group>"; };
		71A833B4262FA9A20060C4B4 /* Base */ = {isa = PBXFileReference; lastKnownFileType = file.storyboard; name = Base; path = Base.lproj/LaunchScreen.storyboard; sourceTree = "<group>"; };
		71A833B6262FA9A20060C4B4 /* Info.plist */ = {isa = PBXFileReference; lastKnownFileType = text.plist.xml; path = Info.plist; sourceTree = "<group>"; };
		71A833BB262FA9A20060C4B4 /* UpdateLabelTests.xctest */ = {isa = PBXFileReference; explicitFileType = wrapper.cfbundle; includeInIndex = 0; path = UpdateLabelTests.xctest; sourceTree = BUILT_PRODUCTS_DIR; };
		71A833BF262FA9A20060C4B4 /* UpdateLabelTests.swift */ = {isa = PBXFileReference; lastKnownFileType = sourcecode.swift; path = UpdateLabelTests.swift; sourceTree = "<group>"; };
		71A833C1262FA9A20060C4B4 /* Info.plist */ = {isa = PBXFileReference; lastKnownFileType = text.plist.xml; path = Info.plist; sourceTree = "<group>"; };
		71A833C6262FA9A20060C4B4 /* UpdateLabelUITests.xctest */ = {isa = PBXFileReference; explicitFileType = wrapper.cfbundle; includeInIndex = 0; path = UpdateLabelUITests.xctest; sourceTree = BUILT_PRODUCTS_DIR; };
		71A833CA262FA9A20060C4B4 /* UpdateLabelUITests.swift */ = {isa = PBXFileReference; lastKnownFileType = sourcecode.swift; path = UpdateLabelUITests.swift; sourceTree = "<group>"; };
		71A833CC262FA9A20060C4B4 /* Info.plist */ = {isa = PBXFileReference; lastKnownFileType = text.plist.xml; path = Info.plist; sourceTree = "<group>"; };
/* End PBXFileReference section */

/* Begin PBXFrameworksBuildPhase section */
		71A833A2262FA9A10060C4B4 /* Frameworks */ = {
			isa = PBXFrameworksBuildPhase;
			buildActionMask = 2147483647;
			files = (
			);
			runOnlyForDeploymentPostprocessing = 0;
		};
		71A833B8262FA9A20060C4B4 /* Frameworks */ = {
			isa = PBXFrameworksBuildPhase;
			buildActionMask = 2147483647;
			files = (
			);
			runOnlyForDeploymentPostprocessing = 0;
		};
		71A833C3262FA9A20060C4B4 /* Frameworks */ = {
			isa = PBXFrameworksBuildPhase;
			buildActionMask = 2147483647;
			files = (
			);
			runOnlyForDeploymentPostprocessing = 0;
		};
/* End PBXFrameworksBuildPhase section */

/* Begin PBXGroup section */
		71A8339C262FA9A10060C4B4 = {
			isa = PBXGroup;
			children = (
				71A833A7262FA9A10060C4B4 /* UpdateLabel */,
				71A833BE262FA9A20060C4B4 /* UpdateLabelTests */,
				71A833C9262FA9A20060C4B4 /* UpdateLabelUITests */,
				71A833A6262FA9A10060C4B4 /* Products */,
			);
			sourceTree = "<group>";
		};
		71A833A6262FA9A10060C4B4 /* Products */ = {
			isa = PBXGroup;
			children = (
				71A833A5262FA9A10060C4B4 /* UpdateLabel.app */,
				71A833BB262FA9A20060C4B4 /* UpdateLabelTests.xctest */,
				71A833C6262FA9A20060C4B4 /* UpdateLabelUITests.xctest */,
			);
			name = Products;
			sourceTree = "<group>";
		};
		71A833A7262FA9A10060C4B4 /* UpdateLabel */ = {
			isa = PBXGroup;
			children = (
				71A833A8262FA9A10060C4B4 /* AppDelegate.swift */,
				71A833AA262FA9A10060C4B4 /* SceneDelegate.swift */,
				71A833AC262FA9A10060C4B4 /* ViewController.swift */,
				71A833AE262FA9A10060C4B4 /* Main.storyboard */,
				71A833B1262FA9A20060C4B4 /* Assets.xcassets */,
				71A833B3262FA9A20060C4B4 /* LaunchScreen.storyboard */,
				71A833B6262FA9A20060C4B4 /* Info.plist */,
			);
			path = UpdateLabel;
			sourceTree = "<group>";
		};
		71A833BE262FA9A20060C4B4 /* UpdateLabelTests */ = {
			isa = PBXGroup;
			children = (
				71A833BF262FA9A20060C4B4 /* UpdateLabelTests.swift */,
				71A833C1262FA9A20060C4B4 /* Info.plist */,
			);
			path = UpdateLabelTests;
			sourceTree = "<group>";
		};
		71A833C9262FA9A20060C4B4 /* UpdateLabelUITests */ = {
			isa = PBXGroup;
			children = (
				71A833CA262FA9A20060C4B4 /* UpdateLabelUITests.swift */,
				71A833CC262FA9A20060C4B4 /* Info.plist */,
			);
			path = UpdateLabelUITests;
			sourceTree = "<group>";
		};
/* End PBXGroup section */

/* Begin PBXNativeTarget section */
		71A833A4262FA9A10060C4B4 /* UpdateLabel */ = {
			isa = PBXNativeTarget;
			buildConfigurationList = 71A833CF262FA9A20060C4B4 /* Build configuration list for PBXNativeTarget "UpdateLabel" */;
			buildPhases = (
				71A833A1262FA9A10060C4B4 /* Sources */,
				71A833A2262FA9A10060C4B4 /* Frameworks */,
				71A833A3262FA9A10060C4B4 /* Resources */,
			);
			buildRules = (
			);
			dependencies = (
			);
			name = UpdateLabel;
			productName = UpdateLabel;
			productReference = 71A833A5262FA9A10060C4B4 /* UpdateLabel.app */;
			productType = "com.apple.product-type.application";
		};
		71A833BA262FA9A20060C4B4 /* UpdateLabelTests */ = {
			isa = PBXNativeTarget;
			buildConfigurationList = 71A833D2262FA9A20060C4B4 /* Build configuration list for PBXNativeTarget "UpdateLabelTests" */;
			buildPhases = (
				71A833B7262FA9A20060C4B4 /* Sources */,
				71A833B8262FA9A20060C4B4 /* Frameworks */,
				71A833B9262FA9A20060C4B4 /* Resources */,
			);
			buildRules = (
			);
			dependencies = (
				71A833BD262FA9A20060C4B4 /* PBXTargetDependency */,
			);
			name = UpdateLabelTests;
			productName = UpdateLabelTests;
			productReference = 71A833BB262FA9A20060C4B4 /* UpdateLabelTests.xctest */;
			productType = "com.apple.product-type.bundle.unit-test";
		};
		71A833C5262FA9A20060C4B4 /* UpdateLabelUITests */ = {
			isa = PBXNativeTarget;
			buildConfigurationList = 71A833D5262FA9A20060C4B4 /* Build configuration list for PBXNativeTarget "UpdateLabelUITests" */;
			buildPhases = (
				71A833C2262FA9A20060C4B4 /* Sources */,
				71A833C3262FA9A20060C4B4 /* Frameworks */,
				71A833C4262FA9A20060C4B4 /* Resources */,
			);
			buildRules = (
			);
			dependencies = (
				71A833C8262FA9A20060C4B4 /* PBXTargetDependency */,
			);
			name = UpdateLabelUITests;
			productName = UpdateLabelUITests;
			productReference = 71A833C6262FA9A20060C4B4 /* UpdateLabelUITests.xctest */;
			productType = "com.apple.product-type.bundle.ui-testing";
		};
/* End PBXNativeTarget section */

/* Begin PBXProject section */
		71A8339D262FA9A10060C4B4 /* Project object */ = {
			isa = PBXProject;
			attributes = {
				LastSwiftUpdateCheck = 1240;
				LastUpgradeCheck = 1240;
				TargetAttributes = {
					71A833A4262FA9A10060C4B4 = {
						CreatedOnToolsVersion = 12.4;
					};
					71A833BA262FA9A20060C4B4 = {
						CreatedOnToolsVersion = 12.4;
						TestTargetID = 71A833A4262FA9A10060C4B4;
					};
					71A833C5262FA9A20060C4B4 = {
						CreatedOnToolsVersion = 12.4;
						TestTargetID = 71A833A4262FA9A10060C4B4;
					};
				};
			};
			buildConfigurationList = 71A833A0262FA9A10060C4B4 /* Build configuration list for PBXProject "UpdateLabel" */;
			compatibilityVersion = "Xcode 9.3";
			developmentRegion = en;
			hasScannedForEncodings = 0;
			knownRegions = (
				en,
				Base,
			);
			mainGroup = 71A8339C262FA9A10060C4B4;
			productRefGroup = 71A833A6262FA9A10060C4B4 /* Products */;
			projectDirPath = "";
			projectRoot = "";
			targets = (
				71A833A4262FA9A10060C4B4 /* UpdateLabel */,
				71A833BA262FA9A20060C4B4 /* UpdateLabelTests */,
				71A833C5262FA9A20060C4B4 /* UpdateLabelUITests */,
			);
		};
/* End PBXProject section */

/* Begin PBXResourcesBuildPhase section */
		71A833A3262FA9A10060C4B4 /* Resources */ = {
			isa = PBXResourcesBuildPhase;
			buildActionMask = 2147483647;
			files = (
				71A833B5262FA9A20060C4B4 /* LaunchScreen.storyboard in Resources */,
				71A833B2262FA9A20060C4B4 /* Assets.xcassets in Resources */,
				71A833B0262FA9A10060C4B4 /* Main.storyboard in Resources */,
			);
			runOnlyForDeploymentPostprocessing = 0;
		};
		71A833B9262FA9A20060C4B4 /* Resources */ = {
			isa = PBXResourcesBuildPhase;
			buildActionMask = 2147483647;
			files = (
			);
			runOnlyForDeploymentPostprocessing = 0;
		};
		71A833C4262FA9A20060C4B4 /* Resources */ = {
			isa = PBXResourcesBuildPhase;
			buildActionMask = 2147483647;
			files = (
			);
			runOnlyForDeploymentPostprocessing = 0;
		};
/* End PBXResourcesBuildPhase section */

/* Begin PBXSourcesBuildPhase section */
		71A833A1262FA9A10060C4B4 /* Sources */ = {
			isa = PBXSourcesBuildPhase;
			buildActionMask = 2147483647;
			files = (
				71A833AD262FA9A10060C4B4 /* ViewController.swift in Sources */,
				71A833A9262FA9A10060C4B4 /* AppDelegate.swift in Sources */,
				71A833AB262FA9A10060C4B4 /* SceneDelegate.swift in Sources */,
			);
			runOnlyForDeploymentPostprocessing = 0;
		};
		71A833B7262FA9A20060C4B4 /* Sources */ = {
			isa = PBXSourcesBuildPhase;
			buildActionMask = 2147483647;
			files = (
				71A833C0262FA9A20060C4B4 /* UpdateLabelTests.swift in Sources */,
			);
			runOnlyForDeploymentPostprocessing = 0;
		};
		71A833C2262FA9A20060C4B4 /* Sources */ = {
			isa = PBXSourcesBuildPhase;
			buildActionMask = 2147483647;
			files = (
				71A833CB262FA9A20060C4B4 /* UpdateLabelUITests.swift in Sources */,
			);
			runOnlyForDeploymentPostprocessing = 0;
		};
/* End PBXSourcesBuildPhase section */

/* Begin PBXTargetDependency section */
		71A833BD262FA9A20060C4B4 /* PBXTargetDependency */ = {
			isa = PBXTargetDependency;
			target = 71A833A4262FA9A10060C4B4 /* UpdateLabel */;
			targetProxy = 71A833BC262FA9A20060C4B4 /* PBXContainerItemProxy */;
		};
		71A833C8262FA9A20060C4B4 /* PBXTargetDependency */ = {
			isa = PBXTargetDependency;
			target = 71A833A4262FA9A10060C4B4 /* UpdateLabel */;
			targetProxy = 71A833C7262FA9A20060C4B4 /* PBXContainerItemProxy */;
		};
/* End PBXTargetDependency section */

/* Begin PBXVariantGroup section */
		71A833AE262FA9A10060C4B4 /* Main.storyboard */ = {
			isa = PBXVariantGroup;
			children = (
				71A833AF262FA9A10060C4B4 /* Base */,
			);
			name = Main.storyboard;
			sourceTree = "<group>";
		};
		71A833B3262FA9A20060C4B4 /* LaunchScreen.storyboard */ = {
			isa = PBXVariantGroup;
			children = (
				71A833B4262FA9A20060C4B4 /* Base */,
			);
			name = LaunchScreen.storyboard;
			sourceTree = "<group>";
		};
/* End PBXVariantGroup section */

/* Begin XCBuildConfiguration section */
		71A833CD262FA9A20060C4B4 /* Debug */ = {
			isa = XCBuildConfiguration;
			buildSettings = {
				ALWAYS_SEARCH_USER_PATHS = NO;
				CLANG_ANALYZER_NONNULL = YES;
				CLANG_ANALYZER_NUMBER_OBJECT_CONVERSION = YES_AGGRESSIVE;
				CLANG_CXX_LANGUAGE_STANDARD = "gnu++14";
				CLANG_CXX_LIBRARY = "libc++";
				CLANG_ENABLE_MODULES = YES;
				CLANG_ENABLE_OBJC_ARC = YES;
				CLANG_ENABLE_OBJC_WEAK = YES;
				CLANG_WARN_BLOCK_CAPTURE_AUTORELEASING = YES;
				CLANG_WARN_BOOL_CONVERSION = YES;
				CLANG_WARN_COMMA = YES;
				CLANG_WARN_CONSTANT_CONVERSION = YES;
				CLANG_WARN_DEPRECATED_OBJC_IMPLEMENTATIONS = YES;
				CLANG_WARN_DIRECT_OBJC_ISA_USAGE = YES_ERROR;
				CLANG_WARN_DOCUMENTATION_COMMENTS = YES;
				CLANG_WARN_EMPTY_BODY = YES;
				CLANG_WARN_ENUM_CONVERSION = YES;
				CLANG_WARN_INFINITE_RECURSION = YES;
				CLANG_WARN_INT_CONVERSION = YES;
				CLANG_WARN_NON_LITERAL_NULL_CONVERSION = YES;
				CLANG_WARN_OBJC_IMPLICIT_RETAIN_SELF = YES;
				CLANG_WARN_OBJC_LITERAL_CONVERSION = YES;
				CLANG_WARN_OBJC_ROOT_CLASS = YES_ERROR;
				CLANG_WARN_QUOTED_INCLUDE_IN_FRAMEWORK_HEADER = YES;
				CLANG_WARN_RANGE_LOOP_ANALYSIS = YES;
				CLANG_WARN_STRICT_PROTOTYPES = YES;
				CLANG_WARN_SUSPICIOUS_MOVE = YES;
				CLANG_WARN_UNGUARDED_AVAILABILITY = YES_AGGRESSIVE;
				CLANG_WARN_UNREACHABLE_CODE = YES;
				CLANG_WARN__DUPLICATE_METHOD_MATCH = YES;
				COPY_PHASE_STRIP = NO;
				DEBUG_INFORMATION_FORMAT = dwarf;
				ENABLE_STRICT_OBJC_MSGSEND = YES;
				ENABLE_TESTABILITY = YES;
				GCC_C_LANGUAGE_STANDARD = gnu11;
				GCC_DYNAMIC_NO_PIC = NO;
				GCC_NO_COMMON_BLOCKS = YES;
				GCC_OPTIMIZATION_LEVEL = 0;
				GCC_PREPROCESSOR_DEFINITIONS = (
					"DEBUG=1",
					"$(inherited)",
				);
				GCC_WARN_64_TO_32_BIT_CONVERSION = YES;
				GCC_WARN_ABOUT_RETURN_TYPE = YES_ERROR;
				GCC_WARN_UNDECLARED_SELECTOR = YES;
				GCC_WARN_UNINITIALIZED_AUTOS = YES_AGGRESSIVE;
				GCC_WARN_UNUSED_FUNCTION = YES;
				GCC_WARN_UNUSED_VARIABLE = YES;
				IPHONEOS_DEPLOYMENT_TARGET = 14.4;
				MTL_ENABLE_DEBUG_INFO = INCLUDE_SOURCE;
				MTL_FAST_MATH = YES;
				ONLY_ACTIVE_ARCH = YES;
				SDKROOT = iphoneos;
				SWIFT_ACTIVE_COMPILATION_CONDITIONS = DEBUG;
				SWIFT_OPTIMIZATION_LEVEL = "-Onone";
			};
			name = Debug;
		};
		71A833CE262FA9A20060C4B4 /* Release */ = {
			isa = XCBuildConfiguration;
			buildSettings = {
				ALWAYS_SEARCH_USER_PATHS = NO;
				CLANG_ANALYZER_NONNULL = YES;
				CLANG_ANALYZER_NUMBER_OBJECT_CONVERSION = YES_AGGRESSIVE;
				CLANG_CXX_LANGUAGE_STANDARD = "gnu++14";
				CLANG_CXX_LIBRARY = "libc++";
				CLANG_ENABLE_MODULES = YES;
				CLANG_ENABLE_OBJC_ARC = YES;
				CLANG_ENABLE_OBJC_WEAK = YES;
				CLANG_WARN_BLOCK_CAPTURE_AUTORELEASING = YES;
				CLANG_WARN_BOOL_CONVERSION = YES;
				CLANG_WARN_COMMA = YES;
				CLANG_WARN_CONSTANT_CONVERSION = YES;
				CLANG_WARN_DEPRECATED_OBJC_IMPLEMENTATIONS = YES;
				CLANG_WARN_DIRECT_OBJC_ISA_USAGE = YES_ERROR;
				CLANG_WARN_DOCUMENTATION_COMMENTS = YES;
				CLANG_WARN_EMPTY_BODY = YES;
				CLANG_WARN_ENUM_CONVERSION = YES;
				CLANG_WARN_INFINITE_RECURSION = YES;
				CLANG_WARN_INT_CONVERSION = YES;
				CLANG_WARN_NON_LITERAL_NULL_CONVERSION = YES;
				CLANG_WARN_OBJC_IMPLICIT_RETAIN_SELF = YES;
				CLANG_WARN_OBJC_LITERAL_CONVERSION = YES;
				CLANG_WARN_OBJC_ROOT_CLASS = YES_ERROR;
				CLANG_WARN_QUOTED_INCLUDE_IN_FRAMEWORK_HEADER = YES;
				CLANG_WARN_RANGE_LOOP_ANALYSIS = YES;
				CLANG_WARN_STRICT_PROTOTYPES = YES;
				CLANG_WARN_SUSPICIOUS_MOVE = YES;
				CLANG_WARN_UNGUARDED_AVAILABILITY = YES_AGGRESSIVE;
				CLANG_WARN_UNREACHABLE_CODE = YES;
				CLANG_WARN__DUPLICATE_METHOD_MATCH = YES;
				COPY_PHASE_STRIP = NO;
				DEBUG_INFORMATION_FORMAT = "dwarf-with-dsym";
				ENABLE_NS_ASSERTIONS = NO;
				ENABLE_STRICT_OBJC_MSGSEND = YES;
				GCC_C_LANGUAGE_STANDARD = gnu11;
				GCC_NO_COMMON_BLOCKS = YES;
				GCC_WARN_64_TO_32_BIT_CONVERSION = YES;
				GCC_WARN_ABOUT_RETURN_TYPE = YES_ERROR;
				GCC_WARN_UNDECLARED_SELECTOR = YES;
				GCC_WARN_UNINITIALIZED_AUTOS = YES_AGGRESSIVE;
				GCC_WARN_UNUSED_FUNCTION = YES;
				GCC_WARN_UNUSED_VARIABLE = YES;
				IPHONEOS_DEPLOYMENT_TARGET = 14.4;
				MTL_ENABLE_DEBUG_INFO = NO;
				MTL_FAST_MATH = YES;
				SDKROOT = iphoneos;
				SWIFT_COMPILATION_MODE = wholemodule;
				SWIFT_OPTIMIZATION_LEVEL = "-O";
				VALIDATE_PRODUCT = YES;
			};
			name = Release;
		};
		71A833D0262FA9A20060C4B4 /* Debug */ = {
			isa = XCBuildConfiguration;
			buildSettings = {
				ASSETCATALOG_COMPILER_APPICON_NAME = AppIcon;
				ASSETCATALOG_COMPILER_GLOBAL_ACCENT_COLOR_NAME = AccentColor;
				CODE_SIGN_STYLE = Automatic;
				INFOPLIST_FILE = UpdateLabel/Info.plist;
				LD_RUNPATH_SEARCH_PATHS = (
					"$(inherited)",
					"@executable_path/Frameworks",
				);
				PRODUCT_BUNDLE_IDENTIFIER = Ray.UpdateLabel;
				PRODUCT_NAME = "$(TARGET_NAME)";
				SWIFT_VERSION = 5.0;
				TARGETED_DEVICE_FAMILY = "1,2";
			};
			name = Debug;
		};
		71A833D1262FA9A20060C4B4 /* Release */ = {
			isa = XCBuildConfiguration;
			buildSettings = {
				ASSETCATALOG_COMPILER_APPICON_NAME = AppIcon;
				ASSETCATALOG_COMPILER_GLOBAL_ACCENT_COLOR_NAME = AccentColor;
				CODE_SIGN_STYLE = Automatic;
				INFOPLIST_FILE = UpdateLabel/Info.plist;
				LD_RUNPATH_SEARCH_PATHS = (
					"$(inherited)",
					"@executable_path/Frameworks",
				);
				PRODUCT_BUNDLE_IDENTIFIER = Ray.UpdateLabel;
				PRODUCT_NAME = "$(TARGET_NAME)";
				SWIFT_VERSION = 5.0;
				TARGETED_DEVICE_FAMILY = "1,2";
			};
			name = Release;
		};
		71A833D3262FA9A20060C4B4 /* Debug */ = {
			isa = XCBuildConfiguration;
			buildSettings = {
				ALWAYS_EMBED_SWIFT_STANDARD_LIBRARIES = YES;
				BUNDLE_LOADER = "$(TEST_HOST)";
				CODE_SIGN_STYLE = Automatic;
				INFOPLIST_FILE = UpdateLabelTests/Info.plist;
				IPHONEOS_DEPLOYMENT_TARGET = 14.4;
				LD_RUNPATH_SEARCH_PATHS = (
					"$(inherited)",
					"@executable_path/Frameworks",
					"@loader_path/Frameworks",
				);
				PRODUCT_BUNDLE_IDENTIFIER = Ray.UpdateLabelTests;
				PRODUCT_NAME = "$(TARGET_NAME)";
				SWIFT_VERSION = 5.0;
				TARGETED_DEVICE_FAMILY = "1,2";
				TEST_HOST = "$(BUILT_PRODUCTS_DIR)/UpdateLabel.app/UpdateLabel";
			};
			name = Debug;
		};
		71A833D4262FA9A20060C4B4 /* Release */ = {
			isa = XCBuildConfiguration;
			buildSettings = {
				ALWAYS_EMBED_SWIFT_STANDARD_LIBRARIES = YES;
				BUNDLE_LOADER = "$(TEST_HOST)";
				CODE_SIGN_STYLE = Automatic;
				INFOPLIST_FILE = UpdateLabelTests/Info.plist;
				IPHONEOS_DEPLOYMENT_TARGET = 14.4;
				LD_RUNPATH_SEARCH_PATHS = (
					"$(inherited)",
					"@executable_path/Frameworks",
					"@loader_path/Frameworks",
				);
				PRODUCT_BUNDLE_IDENTIFIER = Ray.UpdateLabelTests;
				PRODUCT_NAME = "$(TARGET_NAME)";
				SWIFT_VERSION = 5.0;
				TARGETED_DEVICE_FAMILY = "1,2";
				TEST_HOST = "$(BUILT_PRODUCTS_DIR)/UpdateLabel.app/UpdateLabel";
			};
			name = Release;
		};
		71A833D6262FA9A20060C4B4 /* Debug */ = {
			isa = XCBuildConfiguration;
			buildSettings = {
				ALWAYS_EMBED_SWIFT_STANDARD_LIBRARIES = YES;
				CODE_SIGN_STYLE = Automatic;
				INFOPLIST_FILE = UpdateLabelUITests/Info.plist;
				LD_RUNPATH_SEARCH_PATHS = (
					"$(inherited)",
					"@executable_path/Frameworks",
					"@loader_path/Frameworks",
				);
				PRODUCT_BUNDLE_IDENTIFIER = Ray.UpdateLabelUITests;
				PRODUCT_NAME = "$(TARGET_NAME)";
				SWIFT_VERSION = 5.0;
				TARGETED_DEVICE_FAMILY = "1,2";
				TEST_TARGET_NAME = UpdateLabel;
			};
			name = Debug;
		};
		71A833D7262FA9A20060C4B4 /* Release */ = {
			isa = XCBuildConfiguration;
			buildSettings = {
				ALWAYS_EMBED_SWIFT_STANDARD_LIBRARIES = YES;
				CODE_SIGN_STYLE = Automatic;
				INFOPLIST_FILE = UpdateLabelUITests/Info.plist;
				LD_RUNPATH_SEARCH_PATHS = (
					"$(inherited)",
					"@executable_path/Frameworks",
					"@loader_path/Frameworks",
				);
				PRODUCT_BUNDLE_IDENTIFIER = Ray.UpdateLabelUITests;
				PRODUCT_NAME = "$(TARGET_NAME)";
				SWIFT_VERSION = 5.0;
				TARGETED_DEVICE_FAMILY = "1,2";
				TEST_TARGET_NAME = UpdateLabel;
			};
			name = Release;
		};
/* End XCBuildConfiguration section */

/* Begin XCConfigurationList section */
		71A833A0262FA9A10060C4B4 /* Build configuration list for PBXProject "UpdateLabel" */ = {
			isa = XCConfigurationList;
			buildConfigurations = (
				71A833CD262FA9A20060C4B4 /* Debug */,
				71A833CE262FA9A20060C4B4 /* Release */,
			);
			defaultConfigurationIsVisible = 0;
			defaultConfigurationName = Release;
		};
		71A833CF262FA9A20060C4B4 /* Build configuration list for PBXNativeTarget "UpdateLabel" */ = {
			isa = XCConfigurationList;
			buildConfigurations = (
				71A833D0262FA9A20060C4B4 /* Debug */,
				71A833D1262FA9A20060C4B4 /* Release */,
			);
			defaultConfigurationIsVisible = 0;
			defaultConfigurationName = Release;
		};
		71A833D2262FA9A20060C4B4 /* Build configuration list for PBXNativeTarget "UpdateLabelTests" */ = {
			isa = XCConfigurationList;
			buildConfigurations = (
				71A833D3262FA9A20060C4B4 /* Debug */,
				71A833D4262FA9A20060C4B4 /* Release */,
			);
			defaultConfigurationIsVisible = 0;
			defaultConfigurationName = Release;
		};
		71A833D5262FA9A20060C4B4 /* Build configuration list for PBXNativeTarget "UpdateLabelUITests" */ = {
			isa = XCConfigurationList;
			buildConfigurations = (
				71A833D6262FA9A20060C4B4 /* Debug */,
				71A833D7262FA9A20060C4B4 /* Release */,
			);
			defaultConfigurationIsVisible = 0;
			defaultConfigurationName = Release;
		};
/* End XCConfigurationList section */
	};
	rootObject = 71A8339D262FA9A10060C4B4 /* Project object */;
}
